// !$*UTF8*$!
{
	archiveVersion = 1;
	classes = {};
	objectVersion = 54;
	objects = {

/* Begin PBXBuildFile section */
		44AC9E6FC8178FF49DF98BD5 /* AppDelegate.swift in Sources */ = {isa = PBXBuildFile; fileRef = EF9D398B2ADD0B5E28A8E814 /* AppDelegate.swift */; };
		87CED24DD3556AD1E819671F /* SceneDelegate.swift in Sources */ = {isa = PBXBuildFile; fileRef = C7B669FE8D174981352F313D /* SceneDelegate.swift */; };
		07A775F8F5ABF06FE1C42619 /* ViewController.swift in Sources */ = {isa = PBXBuildFile; fileRef = ADF01EE24820BB61B5384FA9 /* ViewController.swift */; };
		B1C2D3E4F5061728394A5B6C /* ModelClassifierFactory.swift in Sources */ = {isa = PBXBuildFile; fileRef = A1B2C3D4E5F60718293A4B5C /* ModelClassifierFactory.swift */; };
		D1E2F30415263748A9B6C7D8 /* ClassificationPresenter.swift in Sources */ = {isa = PBXBuildFile; fileRef = C1D2E3F40516273849A5B6C7 /* ClassificationPresenter.swift */; };
		123EFA9B77D5BB8A32EE340C /* Resnet50.mlmodel in Resources */ = {isa = PBXBuildFile; fileRef = CB7B54E5DCA4D20C72A8CFD9 /* Resnet50.mlmodel */; };
		C34DDA8821AA6C9FD4901E54 /* Assets.xcassets in Resources */ = {isa = PBXBuildFile; fileRef = C3580D5ED3AF8D877CBC60D1 /* Assets.xcassets */; };
		5A39389BAC113B293FEF4A84 /* CoreMLProjectTests.swift in Sources */ = {isa = PBXBuildFile; fileRef = F1313352E6DC49F9D63C147C /* CoreMLProjectTests.swift */; };
/* End PBXBuildFile section */

/* Begin PBXContainerItemProxy section */
		9ADCF2CAED6C30B3F5D185AB /* PBXContainerItemProxy */ = {
			isa = PBXContainerItemProxy;
			containerPortal = 5CD759D4193846E4910FD9BB /* Project object */;
			proxyType = 1;
			remoteGlobalIDString = 3D4C91345015A4DD0A099400;
			remoteInfo = CoreMLProject;
		};
/* End PBXContainerItemProxy section */

/* Begin PBXFileReference section */
		81918909E83595C8F4212CCC /* CoreMLProject.app */ = {isa = PBXFileReference; explicitFileType = wrapper.application; includeInIndex = 0; path = "CoreMLProject.app"; sourceTree = BUILT_PRODUCTS_DIR; };
		858E33F033846B57054E0712 /* CoreMLProjectTests.xctest */ = {isa = PBXFileReference; explicitFileType = wrapper.cfbundle; includeInIndex = 0; path = "CoreMLProjectTests.xctest"; sourceTree = BUILT_PRODUCTS_DIR; };
		EF9D398B2ADD0B5E28A8E814 /* AppDelegate.swift */ = {isa = PBXFileReference; lastKnownFileType = sourcecode.swift; path = AppDelegate.swift; sourceTree = "<group>"; };
		C7B669FE8D174981352F313D /* SceneDelegate.swift */ = {isa = PBXFileReference; lastKnownFileType = sourcecode.swift; path = SceneDelegate.swift; sourceTree = "<group>"; };
		ADF01EE24820BB61B5384FA9 /* ViewController.swift */ = {isa = PBXFileReference; lastKnownFileType = sourcecode.swift; path = ViewController.swift; sourceTree = "<group>"; };
		A1B2C3D4E5F60718293A4B5C /* ModelClassifierFactory.swift */ = {isa = PBXFileReference; lastKnownFileType = sourcecode.swift; path = ModelClassifierFactory.swift; sourceTree = "<group>"; };
		C1D2E3F40516273849A5B6C7 /* ClassificationPresenter.swift */ = {isa = PBXFileReference; lastKnownFileType = sourcecode.swift; path = ClassificationPresenter.swift; sourceTree = "<group>"; };
		CB7B54E5DCA4D20C72A8CFD9 /* Resnet50.mlmodel */ = {isa = PBXFileReference; lastKnownFileType = file.mlmodel; path = Resnet50.mlmodel; sourceTree = "<group>"; };
		C3580D5ED3AF8D877CBC60D1 /* Assets.xcassets */ = {isa = PBXFileReference; lastKnownFileType = folder.assetcatalog; path = Assets.xcassets; sourceTree = "<group>"; };
		B7B89ECF9FA3FCD38C28D1EC /* Info.plist */ = {isa = PBXFileReference; lastKnownFileType = text.plist.xml; path = Info.plist; sourceTree = "<group>"; };
		F1313352E6DC49F9D63C147C /* CoreMLProjectTests.swift */ = {isa = PBXFileReference; lastKnownFileType = sourcecode.swift; path = CoreMLProjectTests.swift; sourceTree = "<group>"; };
/* End PBXFileReference section */

/* Begin PBXFrameworksBuildPhase section */
		0248D6DB510EB0F7E9C05175 /* Frameworks */ = {isa = PBXFrameworksBuildPhase; buildActionMask = 2147483647; files = (); runOnlyForDeploymentPostprocessing = 0; };
		DF4C4AD544E90164AB8FCC3D /* Frameworks */ = {isa = PBXFrameworksBuildPhase; buildActionMask = 2147483647; files = (); runOnlyForDeploymentPostprocessing = 0; };
/* End PBXFrameworksBuildPhase section */

/* Begin PBXGroup section */
		8D3FC6DB5D0827F168A73277 = {
			isa = PBXGroup;
			children = (
				CE882751F8B3EE4485706ED4 /* CoreMLProject */,
				24DFAD7E3B56719996E6F208 /* CoreMLProjectTests */,
				1BADDC1D73C1A20F347483E1 /* Products */,
			);
			sourceTree = "<group>";
		};
		1BADDC1D73C1A20F347483E1 /* Products */ = {isa = PBXGroup; children = (81918909E83595C8F4212CCC /* CoreMLProject.app */, 858E33F033846B57054E0712 /* CoreMLProjectTests.xctest */,); name = Products; sourceTree = "<group>"; };
		CE882751F8B3EE4485706ED4 /* CoreMLProject */ = {
			isa = PBXGroup;
			children = (
				EF9D398B2ADD0B5E28A8E814 /* AppDelegate.swift */,
				C7B669FE8D174981352F313D /* SceneDelegate.swift */,
				ADF01EE24820BB61B5384FA9 /* ViewController.swift */,
				A1B2C3D4E5F60718293A4B5C /* ModelClassifierFactory.swift */,
				C1D2E3F40516273849A5B6C7 /* ClassificationPresenter.swift */,
				CB7B54E5DCA4D20C72A8CFD9 /* Resnet50.mlmodel */,
				C3580D5ED3AF8D877CBC60D1 /* Assets.xcassets */,
				B7B89ECF9FA3FCD38C28D1EC /* Info.plist */,
			);
			path = CoreMLProject;
			sourceTree = "<group>";
		};
		24DFAD7E3B56719996E6F208 /* CoreMLProjectTests */ = {
			isa = PBXGroup;
			children = (
				F1313352E6DC49F9D63C147C /* CoreMLProjectTests.swift */,
			);
			path = CoreMLProjectTests;
			sourceTree = "<group>";
		};
/* End PBXGroup section */

/* Begin PBXNativeTarget section */
		3D4C91345015A4DD0A099400 /* CoreMLProject */ = {
			isa = PBXNativeTarget;
			buildConfigurationList = BBFE79A791796F23E65A3A86 /* Build configuration list for PBXNativeTarget "CoreMLProject" */;
			buildPhases = (DA10D9DD089DF2AFEBC5ED5A /* Sources */, 0248D6DB510EB0F7E9C05175 /* Frameworks */, 82A968CB662751220D4DFE2D /* Resources */);
			buildRules = ();
			dependencies = ();
			name = CoreMLProject;
			productName = CoreMLProject;
			productReference = 81918909E83595C8F4212CCC /* CoreMLProject.app */;
			productType = "com.apple.product-type.application";
		};
		DFEE19449146DDDB4DD78AD1 /* CoreMLProjectTests */ = {
			isa = PBXNativeTarget;
			buildConfigurationList = 17B38E682BD72975D541E22C /* Build configuration list for PBXNativeTarget "CoreMLProjectTests" */;
			buildPhases = (8F11E0AE1293B031D2165BF2 /* Sources */, DF4C4AD544E90164AB8FCC3D /* Frameworks */, 887D9852F7F2A508189160F7 /* Resources */);
			buildRules = ();
			dependencies = (551BDF5D8808EFCFB21091A6 /* PBXTargetDependency */);
			name = CoreMLProjectTests;
			productName = CoreMLProjectTests;
			productReference = 858E33F033846B57054E0712 /* CoreMLProjectTests.xctest */;
			productType = "com.apple.product-type.bundle.unit-test";
		};
/* End PBXNativeTarget section */

/* Begin PBXProject section */
		5CD759D4193846E4910FD9BB /* Project object */ = {
			isa = PBXProject;
			attributes = {
				LastSwiftUpdateCheck = 1500;
				LastUpgradeCheck = 1540;
				ORGANIZATIONNAME = pantrux;
				TargetAttributes = {
					3D4C91345015A4DD0A099400 = { CreatedOnToolsVersion = 15.4; };
					DFEE19449146DDDB4DD78AD1 = { CreatedOnToolsVersion = 15.4; TestTargetID = 3D4C91345015A4DD0A099400; };
				};
			};
			buildConfigurationList = 5BF065D48D8C23D03623AA6A /* Build configuration list for PBXProject "CoreMLProject" */;
			compatibilityVersion = "Xcode 13.0";
			developmentRegion = en;
			hasScannedForEncodings = 0;
			knownRegions = (en, Base,);
			mainGroup = 8D3FC6DB5D0827F168A73277;
			productRefGroup = 1BADDC1D73C1A20F347483E1 /* Products */;
			projectDirPath = "";
			projectRoot = "";
			targets = (3D4C91345015A4DD0A099400 /* CoreMLProject */, DFEE19449146DDDB4DD78AD1 /* CoreMLProjectTests */);
		};
/* End PBXProject section */

/* Begin PBXResourcesBuildPhase section */
		82A968CB662751220D4DFE2D /* Resources */ = {isa = PBXResourcesBuildPhase; buildActionMask = 2147483647; files = (C34DDA8821AA6C9FD4901E54 /* Assets.xcassets in Resources */, 123EFA9B77D5BB8A32EE340C /* Resnet50.mlmodel in Resources */,); runOnlyForDeploymentPostprocessing = 0; };
		887D9852F7F2A508189160F7 /* Resources */ = {isa = PBXResourcesBuildPhase; buildActionMask = 2147483647; files = (); runOnlyForDeploymentPostprocessing = 0; };
/* End PBXResourcesBuildPhase section */

/* Begin PBXSourcesBuildPhase section */
		DA10D9DD089DF2AFEBC5ED5A /* Sources */ = {isa = PBXSourcesBuildPhase; buildActionMask = 2147483647; files = (07A775F8F5ABF06FE1C42619 /* ViewController.swift in Sources */, B1C2D3E4F5061728394A5B6C /* ModelClassifierFactory.swift in Sources */, D1E2F30415263748A9B6C7D8 /* ClassificationPresenter.swift in Sources */, 44AC9E6FC8178FF49DF98BD5 /* AppDelegate.swift in Sources */, 87CED24DD3556AD1E819671F /* SceneDelegate.swift in Sources */,); runOnlyForDeploymentPostprocessing = 0; };
		8F11E0AE1293B031D2165BF2 /* Sources */ = {isa = PBXSourcesBuildPhase; buildActionMask = 2147483647; files = (5A39389BAC113B293FEF4A84 /* CoreMLProjectTests.swift in Sources */,); runOnlyForDeploymentPostprocessing = 0; };
/* End PBXSourcesBuildPhase section */

/* Begin PBXTargetDependency section */
		551BDF5D8808EFCFB21091A6 /* PBXTargetDependency */ = {isa = PBXTargetDependency; target = 3D4C91345015A4DD0A099400 /* CoreMLProject */; targetProxy = 9ADCF2CAED6C30B3F5D185AB /* PBXContainerItemProxy */; };
/* End PBXTargetDependency section */

/* Begin XCBuildConfiguration section */
		B81D2764C13F123F15BB65C8 /* Debug */ = {isa = XCBuildConfiguration; buildSettings = { ALWAYS_SEARCH_USER_PATHS = NO; CLANG_ENABLE_MODULES = YES; CLANG_ENABLE_OBJC_ARC = YES; CODE_SIGN_STYLE = Automatic; DEBUG_INFORMATION_FORMAT = dwarf; ENABLE_TESTABILITY = YES; GCC_C_LANGUAGE_STANDARD = gnu11; IPHONEOS_DEPLOYMENT_TARGET = 15.0; SDKROOT = iphoneos; SWIFT_OPTIMIZATION_LEVEL = "-Onone"; }; name = Debug; };
		AF396C07A13A147636FC5727 /* Release */ = {isa = XCBuildConfiguration; buildSettings = { ALWAYS_SEARCH_USER_PATHS = NO; CLANG_ENABLE_MODULES = YES; CLANG_ENABLE_OBJC_ARC = YES; CODE_SIGN_STYLE = Automatic; DEBUG_INFORMATION_FORMAT = "dwarf-with-dsym"; IPHONEOS_DEPLOYMENT_TARGET = 15.0; SDKROOT = iphoneos; SWIFT_COMPILATION_MODE = wholemodule; SWIFT_OPTIMIZATION_LEVEL = "-O"; VALIDATE_PRODUCT = YES; }; name = Release; };
		511C0CA3BB4264AAAECFFB16 /* Debug */ = {isa = XCBuildConfiguration; buildSettings = { ASSETCATALOG_COMPILER_APPICON_NAME = AppIcon; CLANG_ENABLE_MODULES = YES; CODE_SIGN_STYLE = Automatic; CURRENT_PROJECT_VERSION = 1; GENERATE_INFOPLIST_FILE = NO; INFOPLIST_FILE = CoreMLProject/Info.plist; IPHONEOS_DEPLOYMENT_TARGET = 15.0; LD_RUNPATH_SEARCH_PATHS = ("$(inherited)", "@executable_path/Frameworks",); MARKETING_VERSION = 1.0.1; PRODUCT_BUNDLE_IDENTIFIER = com.pantrux.CoreMLProject; PRODUCT_NAME = "$(TARGET_NAME)"; SDKROOT = iphoneos; SWIFT_VERSION = 5.0; TARGETED_DEVICE_FAMILY = 1; }; name = Debug; };
		043B63458E9DD7836BDDA135 /* Release */ = {isa = XCBuildConfiguration; buildSettings = { ASSETCATALOG_COMPILER_APPICON_NAME = AppIcon; CLANG_ENABLE_MODULES = YES; CODE_SIGN_STYLE = Automatic; CURRENT_PROJECT_VERSION = 1; GENERATE_INFOPLIST_FILE = NO; INFOPLIST_FILE = CoreMLProject/Info.plist; IPHONEOS_DEPLOYMENT_TARGET = 15.0; LD_RUNPATH_SEARCH_PATHS = ("$(inherited)", "@executable_path/Frameworks",); MARKETING_VERSION = 1.0.1; PRODUCT_BUNDLE_IDENTIFIER = com.pantrux.CoreMLProject; PRODUCT_NAME = "$(TARGET_NAME)"; SDKROOT = iphoneos; SWIFT_VERSION = 5.0; TARGETED_DEVICE_FAMILY = 1; }; name = Release; };
		07783A007FD29601921EAF1D /* Debug */ = {isa = XCBuildConfiguration; buildSettings = { BUNDLE_LOADER = "$(TEST_HOST)"; CODE_SIGN_STYLE = Automatic; CURRENT_PROJECT_VERSION = 1; GENERATE_INFOPLIST_FILE = YES; IPHONEOS_DEPLOYMENT_TARGET = 15.0; LD_RUNPATH_SEARCH_PATHS = ("$(inherited)", "@loader_path/Frameworks", "@executable_path/Frameworks",); MARKETING_VERSION = 1.0.1; PRODUCT_BUNDLE_IDENTIFIER = com.pantrux.CoreMLProjectTests; PRODUCT_NAME = "$(TARGET_NAME)"; SDKROOT = iphoneos; SWIFT_VERSION = 5.0; TARGETED_DEVICE_FAMILY = 1; TEST_HOST = "$(BUILT_PRODUCTS_DIR)/CoreMLProject.app/CoreMLProject"; TEST_TARGET_NAME = CoreMLProject; }; name = Debug; };
		75343037A8E4453E52E87FE6 /* Release */ = {isa = XCBuildConfiguration; buildSettings = { BUNDLE_LOADER = "$(TEST_HOST)"; CODE_SIGN_STYLE = Automatic; CURRENT_PROJECT_VERSION = 1; GENERATE_INFOPLIST_FILE = YES; IPHONEOS_DEPLOYMENT_TARGET = 15.0; LD_RUNPATH_SEARCH_PATHS = ("$(inherited)", "@loader_path/Frameworks", "@executable_path/Frameworks",); MARKETING_VERSION = 1.0.1; PRODUCT_BUNDLE_IDENTIFIER = com.pantrux.CoreMLProjectTests; PRODUCT_NAME = "$(TARGET_NAME)"; SDKROOT = iphoneos; SWIFT_VERSION = 5.0; TARGETED_DEVICE_FAMILY = 1; TEST_HOST = "$(BUILT_PRODUCTS_DIR)/CoreMLProject.app/CoreMLProject"; TEST_TARGET_NAME = CoreMLProject; }; name = Release; };
/* End XCBuildConfiguration section */

/* Begin XCConfigurationList section */
		5BF065D48D8C23D03623AA6A /* Build configuration list for PBXProject "CoreMLProject" */ = {isa = XCConfigurationList; buildConfigurations = (B81D2764C13F123F15BB65C8 /* Debug */, AF396C07A13A147636FC5727 /* Release */,); defaultConfigurationIsVisible = 0; defaultConfigurationName = Release; };
		BBFE79A791796F23E65A3A86 /* Build configuration list for PBXNativeTarget "CoreMLProject" */ = {isa = XCConfigurationList; buildConfigurations = (511C0CA3BB4264AAAECFFB16 /* Debug */, 043B63458E9DD7836BDDA135 /* Release */,); defaultConfigurationIsVisible = 0; defaultConfigurationName = Release; };
		17B38E682BD72975D541E22C /* Build configuration list for PBXNativeTarget "CoreMLProjectTests" */ = {isa = XCConfigurationList; buildConfigurations = (07783A007FD29601921EAF1D /* Debug */, 75343037A8E4453E52E87FE6 /* Release */,); defaultConfigurationIsVisible = 0; defaultConfigurationName = Release; };
/* End XCConfigurationList section */
	};
	rootObject = 5CD759D4193846E4910FD9BB /* Project object */;
}
