// !$*UTF8*$!
{
	archiveVersion = 1;
	classes = {
	};
	objectVersion = 54;
	objects = {

/* Begin PBXBuildFile section */
		846B9F8FC92ED99DAD2DDF5B /* AppDelegate.swift in Sources */ = {isa = PBXBuildFile; fileRef = A35E13A2A3939396D58C8CDD /* AppDelegate.swift */; };
		4EF470E9DFC4E91EF6B3980B /* SceneDelegate.swift in Sources */ = {isa = PBXBuildFile; fileRef = 946AA4A6A913AEDF639F5F41 /* SceneDelegate.swift */; };
		700F1DFF4653EB3EF284CC15 /* ViewController.swift in Sources */ = {isa = PBXBuildFile; fileRef = AAF37369AD00671A36B9FEEA /* ViewController.swift */; };
		443F4A522260529EEB888F1F /* Resnet50.mlmodel in Resources */ = {isa = PBXBuildFile; fileRef = 0EC06D0FB4DF921193EDA65F /* Resnet50.mlmodel */; };
		A6070B9CF28E71610AA267AE /* Assets.xcassets in Resources */ = {isa = PBXBuildFile; fileRef = A790BB479B2477E3A634A1EB /* Assets.xcassets */; };
/* End PBXBuildFile section */

/* Begin PBXFileReference section */
		A38DA371A2EBD2D6914D42ED /* CoreMLProject.app */ = {isa = PBXFileReference; explicitFileType = wrapper.application; includeInIndex = 0; path = "CoreMLProject.app"; sourceTree = BUILT_PRODUCTS_DIR; };
		A35E13A2A3939396D58C8CDD /* AppDelegate.swift */ = {isa = PBXFileReference; lastKnownFileType = sourcecode.swift; path = AppDelegate.swift; sourceTree = "<group>"; };
		946AA4A6A913AEDF639F5F41 /* SceneDelegate.swift */ = {isa = PBXFileReference; lastKnownFileType = sourcecode.swift; path = SceneDelegate.swift; sourceTree = "<group>"; };
		AAF37369AD00671A36B9FEEA /* ViewController.swift */ = {isa = PBXFileReference; lastKnownFileType = sourcecode.swift; path = ViewController.swift; sourceTree = "<group>"; };
		0EC06D0FB4DF921193EDA65F /* Resnet50.mlmodel */ = {isa = PBXFileReference; lastKnownFileType = file.mlmodel; path = Resnet50.mlmodel; sourceTree = "<group>"; };
		A790BB479B2477E3A634A1EB /* Assets.xcassets */ = {isa = PBXFileReference; lastKnownFileType = folder.assetcatalog; path = Assets.xcassets; sourceTree = "<group>"; };
		B15A13ACECE86FF5B996CE6C /* Info.plist */ = {isa = PBXFileReference; lastKnownFileType = text.plist.xml; path = Info.plist; sourceTree = "<group>"; };
/* End PBXFileReference section */

/* Begin PBXFrameworksBuildPhase section */
		6BC9136C2E1B992EF374A2EA /* Frameworks */ = {
			isa = PBXFrameworksBuildPhase;
			buildActionMask = 2147483647;
			files = (
			);
			runOnlyForDeploymentPostprocessing = 0;
		};
/* End PBXFrameworksBuildPhase section */

/* Begin PBXGroup section */
		8D3FC6DB5D0827F168A73277 = {
			isa = PBXGroup;
			children = (
				CE882751F8B3EE4485706ED4 /* CoreMLProject */,
				1BADDC1D73C1A20F347483E1 /* Products */,
			);
			sourceTree = "<group>";
		};
		1BADDC1D73C1A20F347483E1 /* Products */ = {
			isa = PBXGroup;
			children = (
				A38DA371A2EBD2D6914D42ED /* CoreMLProject.app */,
			);
			name = Products;
			sourceTree = "<group>";
		};
		CE882751F8B3EE4485706ED4 /* CoreMLProject */ = {
			isa = PBXGroup;
			children = (
				A35E13A2A3939396D58C8CDD /* AppDelegate.swift */,
				946AA4A6A913AEDF639F5F41 /* SceneDelegate.swift */,
				AAF37369AD00671A36B9FEEA /* ViewController.swift */,
				0EC06D0FB4DF921193EDA65F /* Resnet50.mlmodel */,
				A790BB479B2477E3A634A1EB /* Assets.xcassets */,
				B15A13ACECE86FF5B996CE6C /* Info.plist */,
			);
			path = CoreMLProject;
			sourceTree = "<group>";
		};
/* End PBXGroup section */

/* Begin PBXNativeTarget section */
		8825D41A9ED999F33E23C32D /* CoreMLProject */ = {
			isa = PBXNativeTarget;
			buildConfigurationList = EAF116FE40D68E4ABB26094B /* Build configuration list for PBXNativeTarget "CoreMLProject" */;
			buildPhases = (
				F680599402C0D80E245DE801 /* Sources */,
				6BC9136C2E1B992EF374A2EA /* Frameworks */,
				781C774F390DF12CD292A30B /* Resources */,
			);
			buildRules = (
			);
			dependencies = (
			);
			name = CoreMLProject;
			productName = CoreMLProject;
			productReference = A38DA371A2EBD2D6914D42ED /* CoreMLProject.app */;
			productType = "com.apple.product-type.application";
		};
/* End PBXNativeTarget section */

/* Begin PBXProject section */
		5CD759D4193846E4910FD9BB /* Project object */ = {
			isa = PBXProject;
			attributes = {
				LastSwiftUpdateCheck = 1500;
				LastUpgradeCheck = 1540;
				ORGANIZATIONNAME = pantrux;
				TargetAttributes = {
					8825D41A9ED999F33E23C32D = {
						CreatedOnToolsVersion = 15.4;
					};
				};
			};
			buildConfigurationList = 56283EBD6DD86A56CED63937 /* Build configuration list for PBXProject "CoreMLProject" */;
			compatibilityVersion = "Xcode 13.0";
			developmentRegion = en;
			hasScannedForEncodings = 0;
			knownRegions = (
				en,
				Base,
			);
			mainGroup = 8D3FC6DB5D0827F168A73277;
			productRefGroup = 1BADDC1D73C1A20F347483E1 /* Products */;
			projectDirPath = "";
			projectRoot = "";
			targets = (
				8825D41A9ED999F33E23C32D /* CoreMLProject */,
			);
		};
/* End PBXProject section */

/* Begin PBXResourcesBuildPhase section */
		781C774F390DF12CD292A30B /* Resources */ = {
			isa = PBXResourcesBuildPhase;
			buildActionMask = 2147483647;
			files = (
				A6070B9CF28E71610AA267AE /* Assets.xcassets in Resources */,
				443F4A522260529EEB888F1F /* Resnet50.mlmodel in Resources */,
			);
			runOnlyForDeploymentPostprocessing = 0;
		};
/* End PBXResourcesBuildPhase section */

/* Begin PBXSourcesBuildPhase section */
		F680599402C0D80E245DE801 /* Sources */ = {
			isa = PBXSourcesBuildPhase;
			buildActionMask = 2147483647;
			files = (
				700F1DFF4653EB3EF284CC15 /* ViewController.swift in Sources */,
				846B9F8FC92ED99DAD2DDF5B /* AppDelegate.swift in Sources */,
				4EF470E9DFC4E91EF6B3980B /* SceneDelegate.swift in Sources */,
			);
			runOnlyForDeploymentPostprocessing = 0;
		};
/* End PBXSourcesBuildPhase section */

/* Begin XCBuildConfiguration section */
		FA9139DD8B03E3F922556BF8 /* Debug */ = {
			isa = XCBuildConfiguration;
			buildSettings = {
				ALWAYS_SEARCH_USER_PATHS = NO;
				CLANG_ENABLE_MODULES = YES;
				CLANG_ENABLE_OBJC_ARC = YES;
				CODE_SIGN_STYLE = Automatic;
				DEBUG_INFORMATION_FORMAT = dwarf;
				ENABLE_TESTABILITY = YES;
				GCC_C_LANGUAGE_STANDARD = gnu11;
				IPHONEOS_DEPLOYMENT_TARGET = 15.0;
				SDKROOT = iphoneos;
				SWIFT_OPTIMIZATION_LEVEL = "-Onone";
			};
			name = Debug;
		};
		FFE2104CCFAB79205AC64460 /* Release */ = {
			isa = XCBuildConfiguration;
			buildSettings = {
				ALWAYS_SEARCH_USER_PATHS = NO;
				CLANG_ENABLE_MODULES = YES;
				CLANG_ENABLE_OBJC_ARC = YES;
				CODE_SIGN_STYLE = Automatic;
				DEBUG_INFORMATION_FORMAT = "dwarf-with-dsym";
				IPHONEOS_DEPLOYMENT_TARGET = 15.0;
				SDKROOT = iphoneos;
				SWIFT_COMPILATION_MODE = wholemodule;
				SWIFT_OPTIMIZATION_LEVEL = "-O";
				VALIDATE_PRODUCT = YES;
			};
			name = Release;
		};
		D8579749783A718541606A67 /* Debug */ = {
			isa = XCBuildConfiguration;
			buildSettings = {
				ASSETCATALOG_COMPILER_APPICON_NAME = AppIcon;
				CLANG_ENABLE_MODULES = YES;
				CODE_SIGN_STYLE = Automatic;
				CURRENT_PROJECT_VERSION = 1;
				GENERATE_INFOPLIST_FILE = NO;
				INFOPLIST_FILE = CoreMLProject/Info.plist;
				IPHONEOS_DEPLOYMENT_TARGET = 15.0;
				LD_RUNPATH_SEARCH_PATHS = (
					"$(inherited)",
					"@executable_path/Frameworks",
				);
				MARKETING_VERSION = 1.0;
				PRODUCT_BUNDLE_IDENTIFIER = com.pantrux.CoreMLProject;
				PRODUCT_NAME = "$(TARGET_NAME)";
				SDKROOT = iphoneos;
				SWIFT_VERSION = 5.0;
				TARGETED_DEVICE_FAMILY = 1;
			};
			name = Debug;
		};
		553194FECB7E1C4EBBAFB6CE /* Release */ = {
			isa = XCBuildConfiguration;
			buildSettings = {
				ASSETCATALOG_COMPILER_APPICON_NAME = AppIcon;
				CLANG_ENABLE_MODULES = YES;
				CODE_SIGN_STYLE = Automatic;
				CURRENT_PROJECT_VERSION = 1;
				GENERATE_INFOPLIST_FILE = NO;
				INFOPLIST_FILE = CoreMLProject/Info.plist;
				IPHONEOS_DEPLOYMENT_TARGET = 15.0;
				LD_RUNPATH_SEARCH_PATHS = (
					"$(inherited)",
					"@executable_path/Frameworks",
				);
				MARKETING_VERSION = 1.0;
				PRODUCT_BUNDLE_IDENTIFIER = com.pantrux.CoreMLProject;
				PRODUCT_NAME = "$(TARGET_NAME)";
				SDKROOT = iphoneos;
				SWIFT_VERSION = 5.0;
				TARGETED_DEVICE_FAMILY = 1;
			};
			name = Release;
		};
/* End XCBuildConfiguration section */

/* Begin XCConfigurationList section */
		56283EBD6DD86A56CED63937 /* Build configuration list for PBXProject "CoreMLProject" */ = {
			isa = XCConfigurationList;
			buildConfigurations = (
				FA9139DD8B03E3F922556BF8 /* Debug */,
				FFE2104CCFAB79205AC64460 /* Release */,
			);
			defaultConfigurationIsVisible = 0;
			defaultConfigurationName = Release;
		};
		EAF116FE40D68E4ABB26094B /* Build configuration list for PBXNativeTarget "CoreMLProject" */ = {
			isa = XCConfigurationList;
			buildConfigurations = (
				D8579749783A718541606A67 /* Debug */,
				553194FECB7E1C4EBBAFB6CE /* Release */,
			);
			defaultConfigurationIsVisible = 0;
			defaultConfigurationName = Release;
		};
/* End XCConfigurationList section */
	};
	rootObject = 5CD759D4193846E4910FD9BB /* Project object */;
}
